cel.dev/expr v0.19.1 h1:NciYrtDRIR0lNCnH1LFJegdjspNx9fI59O7TWcua/W4=
cel.dev/expr v0.19.1/go.mod h1:MrpN08Q+lEBs+bGYdLxxHkZoUSsCp0nSKTs0nTymJgw=
cel.dev/expr v0.20.0 h1:OunBvVCfvpWlt4dN7zg3FM6TDkzOePe1+foGJ9AXeeI=
cel.dev/expr v0.20.0/go.mod h1:MrpN08Q+lEBs+bGYdLxxHkZoUSsCp0nSKTs0nTymJgw=
cloud.google.com/go v0.118.0 h1:tvZe1mgqRxpiVa3XlIGMiPcEUbP1gNXELgD4y/IXmeQ=
cloud.google.com/go v0.118.0/go.mod h1:zIt2pkedt/mo+DQjcT4/L3NDxzHPR29j5HcclNH+9PM=
cloud.google.com/go v0.121.1 h1:S3kTQSydxmu1JfLRLpKtxRPA7rSrYPRPEUmL/PavVUw=
cloud.google.com/go v0.121.1/go.mod h1:nRFlrHq39MNVWu+zESP2PosMWA0ryJw8KUBZ2iZpxbw=
cloud.google.com/go/auth v0.14.0 h1:A5C4dKV/Spdvxcl0ggWwWEzzP7AZMJSEIgrkngwhGYM=
cloud.google.com/go/auth v0.14.0/go.mod h1:CYsoRL1PdiDuqeQpZE0bP2pnPrGqFcOkI0nldEQis+A=
cloud.google.com/go/auth v0.16.1 h1:XrXauHMd30LhQYVRHLGvJiYeczweKQXZxsTbV9TiguU=
cloud.google.com/go/auth v0.16.1/go.mod h1:1howDHJ5IETh/LwYs3ZxvlkXF48aSqqJUM+5o02dNOI=
cloud.google.com/go/auth/oauth2adapt v0.2.7 h1:/Lc7xODdqcEw8IrZ9SvwnlLX6j9FHQM74z6cBk9Rw6M=
cloud.google.com/go/auth/oauth2adapt v0.2.7/go.mod h1:NTbTTzfvPl1Y3V1nPpOgl2w6d/FjO7NNUQaWSox6ZMc=
cloud.google.com/go/auth/oauth2adapt v0.2.8 h1:keo8NaayQZ6wimpNSmW5OPc283g65QNIiLpZnkHRbnc=
cloud.google.com/go/auth/oauth2adapt v0.2.8/go.mod h1:XQ9y31RkqZCcwJWNSx2Xvric3RrU88hAYYbjDWYDL+c=
cloud.google.com/go/compute/metadata v0.6.0 h1:A6hENjEsCDtC1k8byVsgwvVcioamEHvZ4j01OwKxG9I=
cloud.google.com/go/compute/metadata v0.6.0/go.mod h1:FjyFAW1MW0C203CEOMDTu3Dk1FlqW3Rga40jzHL4hfg=
cloud.google.com/go/compute/metadata v0.7.0 h1:PBWF+iiAerVNe8UCHxdOt6eHLVc3ydFeOCw78U8ytSU=
cloud.google.com/go/compute/metadata v0.7.0/go.mod h1:j5MvL9PprKL39t166CoB1uVHfQMs4tFQZZcKwksXUjo=
cloud.google.com/go/iam v1.3.1 h1:KFf8SaT71yYq+sQtRISn90Gyhyf4X8RGgeAVC8XGf3E=
cloud.google.com/go/iam v1.3.1/go.mod h1:3wMtuyT4NcbnYNPLMBzYRFiEfjKfJlLVLrisE7bwm34=
cloud.google.com/go/iam v1.5.2 h1:qgFRAGEmd8z6dJ/qyEchAuL9jpswyODjA2lS+w234g8=
cloud.google.com/go/iam v1.5.2/go.mod h1:SE1vg0N81zQqLzQEwxL2WI6yhetBdbNQuTvIKCSkUHE=
cloud.google.com/go/logging v1.13.0 h1:7j0HgAp0B94o1YRDqiqm26w4q1rDMH7XNRU34lJXHYc=
cloud.google.com/go/logging v1.13.0/go.mod h1:36CoKh6KA/M0PbhPKMq6/qety2DCAErbhXT62TuXALA=
cloud.google.com/go/longrunning v0.6.4 h1:3tyw9rO3E2XVXzSApn1gyEEnH2K9SynNQjMlBi3uHLg=
cloud.google.com/go/longrunning v0.6.4/go.mod h1:ttZpLCe6e7EXvn9OxpBRx7kZEB0efv8yBO6YnVMfhJs=
cloud.google.com/go/monitoring v1.22.1 h1:KQbnAC4IAH+5x3iWuPZT5iN9VXqKMzzOgqcYB6fqPDE=
cloud.google.com/go/monitoring v1.22.1/go.mod h1:AuZZXAoN0WWWfsSvET1Cpc4/1D8LXq8KRDU87fMS6XY=
cloud.google.com/go/monitoring v1.24.2 h1:5OTsoJ1dXYIiMiuL+sYscLc9BumrL3CarVLL7dd7lHM=
cloud.google.com/go/monitoring v1.24.2/go.mod h1:x7yzPWcgDRnPEv3sI+jJGBkwl5qINf+6qY4eq0I9B4U=
cloud.google.com/go/storage v1.50.0 h1:3TbVkzTooBvnZsk7WaAQfOsNrdoM8QHusXA1cpk6QJs=
cloud.google.com/go/storage v1.50.0/go.mod h1:l7XeiD//vx5lfqE3RavfmU9yvk5Pp0Zhcv482poyafY=
cloud.google.com/go/storage v1.55.0 h1:NESjdAToN9u1tmhVqhXCaCwYBuvEhZLLv0gBr+2znf0=
cloud.google.com/go/storage v1.55.0/go.mod h1:ztSmTTwzsdXe5syLVS0YsbFxXuvEmEyZj7v7zChEmuY=
cloud.google.com/go/trace v1.11.3 h1:c+I4YFjxRQjvAhRmSsmjpASUKq88chOX854ied0K/pE=
cloud.google.com/go/trace v1.11.3/go.mod h1:pt7zCYiDSQjC9Y2oqCsh9jF4GStB/hmjrYLsxRR27q8=
github.com/GoogleCloudPlatform/opentelemetry-operations-go/detectors/gcp v1.25.0 h1:3c8yed4lgqTt+oTQ+JNMDo+F4xprBf+O/il4ZC0nRLw=
github.com/GoogleCloudPlatform/opentelemetry-operations-go/detectors/gcp v1.25.0/go.mod h1:obipzmGjfSjam60XLwGfqUkJsfiheAl+TUjG+4yzyPM=
github.com/GoogleCloudPlatform/opentelemetry-operations-go/detectors/gcp v1.27.0 h1:ErKg/3iS1AKcTkf3yixlZ54f9U1rljCkQyEXWUnIUxc=
github.com/GoogleCloudPlatform/opentelemetry-operations-go/detectors/gcp v1.27.0/go.mod h1:yAZHSGnqScoU556rBOVkwLze6WP5N+U11RHuWaGVxwY=
github.com/GoogleCloudPlatform/opentelemetry-operations-go/exporter/metric v0.49.0 h1:o90wcURuxekmXrtxmYWTyNla0+ZEHhud6DI1ZTxd1vI=
github.com/GoogleCloudPlatform/opentelemetry-operations-go/exporter/metric v0.49.0/go.mod h1:6fTWu4m3jocfUZLYF5KsZC1TUfRvEjs7lM4crme/irw=
github.com/GoogleCloudPlatform/opentelemetry-operations-go/exporter/metric v0.51.0 h1:fYE9p3esPxA/C0rQ0AHhP0drtPXDRhaWiwg1DPqO7IU=
github.com/GoogleCloudPlatform/opentelemetry-operations-go/exporter/metric v0.51.0/go.mod h1:BnBReJLvVYx2CS/UHOgVz2BXKXD9wsQPxZug20nZhd0=
github.com/GoogleCloudPlatform/opentelemetry-operations-go/internal/cloudmock v0.49.0 h1:jJKWl98inONJAr/IZrdFQUWcwUO95DLY1XMD1ZIut+g=
github.com/GoogleCloudPlatform/opentelemetry-operations-go/internal/cloudmock v0.49.0/go.mod h1:l2fIqmwB+FKSfvn3bAD/0i+AXAxhIZjTK2svT/mgUXs=
github.com/GoogleCloudPlatform/opentelemetry-operations-go/internal/resourcemapping v0.49.0 h1:GYUJLfvd++4DMuMhCFLgLXvFwofIxh/qOwoGuS/LTew=
github.com/GoogleCloudPlatform/opentelemetry-operations-go/internal/resourcemapping v0.49.0/go.mod h1:wRbFgBQUVm1YXrvWKofAEmq9HNJTDphbAaJSSX01KUI=
github.com/GoogleCloudPlatform/opentelemetry-operations-go/internal/resourcemapping v0.51.0 h1:6/0iUd0xrnX7qt+mLNRwg5c0PGv8wpE8K90ryANQwMI=
github.com/GoogleCloudPlatform/opentelemetry-operations-go/internal/resourcemapping v0.51.0/go.mod h1:otE2jQekW/PqXk1Awf5lmfokJx4uwuqcj1ab5SpGeW0=
github.com/cespare/xxhash/v2 v2.3.0 h1:UL815xU9SqsFlibzuggzjXhog7bL6oX9BbNZnL2UFvs=
github.com/cespare/xxhash/v2 v2.3.0/go.mod h1:VGX0DQ3Q6kWi7AoAeZDth3/j3BFtOZR5XLFGgcrjCOs=
github.com/cncf/xds/go v0.0.0-20241223141626-cff3c89139a3 h1:boJj011Hh+874zpIySeApCX4GeOjPl9qhRF3QuIZq+Q=
github.com/cncf/xds/go v0.0.0-20241223141626-cff3c89139a3/go.mod h1:W+zGtBO5Y1IgJhy4+A9GOqVhqLpfZi+vwmdNXUehLA8=
github.com/cncf/xds/go v0.0.0-20250121191232-2f005788dc42 h1:Om6kYQYDUk5wWbT0t0q6pvyM49i9XZAv9dDrkDA7gjk=
github.com/cncf/xds/go v0.0.0-20250121191232-2f005788dc42/go.mod h1:W+zGtBO5Y1IgJhy4+A9GOqVhqLpfZi+vwmdNXUehLA8=
github.com/davecgh/go-spew v1.1.2-0.20180830191138-d8f796af33cc h1:U9qPSI2PIWSS1VwoXQT9A3Wy9MM3WgvqSxFWenqJduM=
github.com/davecgh/go-spew v1.1.2-0.20180830191138-d8f796af33cc/go.mod h1:J7Y8YcW2NihsgmVo/mv3lAwl/skON4iLHjSsI+c5H38=
github.com/envoyproxy/go-control-plane v0.13.4 h1:zEqyPVyku6IvWCFwux4x9RxkLOMUL+1vC9xUFv5l2/M=
github.com/envoyproxy/go-control-plane v0.13.4/go.mod h1:kDfuBlDVsSj2MjrLEtRWtHlsWIFcGyB2RMO44Dc5GZA=
github.com/envoyproxy/go-control-plane/envoy v1.32.3 h1:hVEaommgvzTjTd4xCaFd+kEQ2iYBtGxP6luyLrx6uOk=
github.com/envoyproxy/go-control-plane/envoy v1.32.3/go.mod h1:F6hWupPfh75TBXGKA++MCT/CZHFq5r9/uwt/kQYkZfE=
github.com/envoyproxy/go-control-plane/envoy v1.32.4 h1:jb83lalDRZSpPWW2Z7Mck/8kXZ5CQAFYVjQcdVIr83A=
github.com/envoyproxy/go-control-plane/envoy v1.32.4/go.mod h1:Gzjc5k8JcJswLjAx1Zm+wSYE20UrLtt7JZMWiWQXQEw=
github.com/envoyproxy/go-control-plane/ratelimit v0.1.0 h1:/G9QYbddjL25KvtKTv3an9lx6VBE2cnb8wp1vEGNYGI=
github.com/envoyproxy/go-control-plane/ratelimit v0.1.0/go.mod h1:Wk+tMFAFbCXaJPzVVHnPgRKdUdwW/KdbRt94AzgRee4=
github.com/envoyproxy/protoc-gen-validate v1.1.0 h1:tntQDh69XqOCOZsDz0lVJQez/2L6Uu2PdjCQwWCJ3bM=
github.com/envoyproxy/protoc-gen-validate v1.1.0/go.mod h1:sXRDRVmzEbkM7CVcM06s9shE/m23dg3wzjl0UWqJ2q4=
github.com/envoyproxy/protoc-gen-validate v1.2.1 h1:DEo3O99U8j4hBFwbJfrz9VtgcDfUKS7KJ7spH3d86P8=
github.com/envoyproxy/protoc-gen-validate v1.2.1/go.mod h1:d/C80l/jxXLdfEIhX1W2TmLfsJ31lvEjwamM4DxlWXU=
github.com/felixge/httpsnoop v1.0.4 h1:NFTV2Zj1bL4mc9sqWACXbQFVBBg2W3GPvqp8/ESS2Wg=
github.com/felixge/httpsnoop v1.0.4/go.mod h1:m8KPJKqk1gH5J9DgRY2ASl2lWCfGKXixSwevea8zH2U=
github.com/go-jose/go-jose/v4 v4.0.4 h1:VsjPI33J0SB9vQM6PLmNjoHqMQNGPiZ0rHL7Ni7Q6/E=
github.com/go-jose/go-jose/v4 v4.0.4/go.mod h1:NKb5HO1EZccyMpiZNbdUw/14tiXNyUJh188dfnMCAfc=
github.com/go-logr/logr v1.2.2/go.mod h1:jdQByPbusPIv2/zmleS9BjJVeZ6kBagPoEUsqbVz/1A=
github.com/go-logr/logr v1.4.2 h1:6pFjapn8bFcIbiKo3XT4j/BhANplGihG6tvd+8rYgrY=
github.com/go-logr/logr v1.4.2/go.mod h1:9T104GzyrTigFIr8wt5mBrctHMim0Nb2HLGrmQ40KvY=
github.com/go-logr/stdr v1.2.2 h1:hSWxHoqTgW2S2qGc0LTAI563KZ5YKYRhT3MFKZMbjag=
github.com/go-logr/stdr v1.2.2/go.mod h1:mMo/vtBO5dYbehREoey6XUKy/eSumjCCveDpRre4VKE=
github.com/golang/groupcache v0.0.0-20241129210726-2c02b8208cf8 h1:f+oWsMOmNPc8JmEHVZIycC7hBoQxHH9pNKQORJNozsQ=
github.com/golang/groupcache v0.0.0-20241129210726-2c02b8208cf8/go.mod h1:wcDNUvekVysuuOpQKo3191zZyTpiI6se1N1ULghS0sw=
github.com/golang/protobuf v1.5.4 h1:i7eJL8qZTpSEXOPTxNKhASYpMn+8e5Q6AdndVa1dWek=
github.com/golang/protobuf v1.5.4/go.mod h1:lnTiLA8Wa4RWRcIUkrtSVa5nRhsEGBg48fD6rSs7xps=
github.com/google/go-cmp v0.6.0 h1:ofyhxvXcZhMsU5ulbFiLKl/XBFqE1GSq7atu8tAmTRI=
github.com/google/go-cmp v0.6.0/go.mod h1:17dUlkBOakJ0+DkrSSNjCkIjxS6bF9zb3elmeNGIjoY=
github.com/google/martian/v3 v3.3.3 h1:DIhPTQrbPkgs2yJYdXU/eNACCG5DVQjySNRNlflZ9Fc=
github.com/google/martian/v3 v3.3.3/go.mod h1:iEPrYcgCF7jA9OtScMFQyAlZZ4YXTKEtJ1E6RWzmBA0=
github.com/google/s2a-go v0.1.9 h1:LGD7gtMgezd8a/Xak7mEWL0PjoTQFvpRudN895yqKW0=
github.com/google/s2a-go v0.1.9/go.mod h1:YA0Ei2ZQL3acow2O62kdp9UlnvMmU7kA6Eutn0dXayM=
github.com/google/uuid v1.6.0 h1:NIvaJDMOsjHA8n1jAhLSgzrAzy1Hgr+hNrb57e+94F0=
github.com/google/uuid v1.6.0/go.mod h1:TIyPZe4MgqvfeYDBFedMoGGpEw/LqOeaOT+nhxU+yHo=
github.com/googleapis/enterprise-certificate-proxy v0.3.4 h1:XYIDZApgAnrN1c855gTgghdIA6Stxb52D5RnLI1SLyw=
github.com/googleapis/enterprise-certificate-proxy v0.3.4/go.mod h1:YKe7cfqYXjKGpGvmSg28/fFvhNzinZQm8DGnaburhGA=
github.com/googleapis/enterprise-certificate-proxy v0.3.6 h1:GW/XbdyBFQ8Qe+YAmFU9uHLo7OnF5tL52HFAgMmyrf4=
github.com/googleapis/enterprise-certificate-proxy v0.3.6/go.mod h1:MkHOF77EYAE7qfSuSS9PU6g4Nt4e11cnsDUowfwewLA=
github.com/googleapis/gax-go/v2 v2.14.1 h1:hb0FFeiPaQskmvakKu5EbCbpntQn48jyHuvrkurSS/Q=
github.com/googleapis/gax-go/v2 v2.14.1/go.mod h1:Hb/NubMaVM88SrNkvl8X/o8XWwDJEPqouaLeN2IUxoA=
github.com/googleapis/gax-go/v2 v2.14.2 h1:eBLnkZ9635krYIPD+ag1USrOAI0Nr0QYF3+/3GqO0k0=
github.com/googleapis/gax-go/v2 v2.14.2/go.mod h1:ON64QhlJkhVtSqp4v1uaK92VyZ2gmvDQsweuyLV+8+w=
github.com/jacobsa/gcloud v0.0.0-20240721050538-15c4fa4a75e7 h1:d3CJHSFpXuDA/llhj41YMy3vtRrje+5EVGk+iFvzCPI=
github.com/jacobsa/gcloud v0.0.0-20240721050538-15c4fa4a75e7/go.mod h1:CGkT80TfaoPTzQ8My+t2M7PnMDvkwAR36Qm8Mm8HytI=
github.com/jacobsa/oglematchers v0.0.0-20150720000706-141901ea67cd h1:9GCSedGjMcLZCrusBZuo4tyKLpKUPenUUqi34AkuFmA=
github.com/jacobsa/oglematchers v0.0.0-20150720000706-141901ea67cd/go.mod h1:TlmyIZDpGmwRoTWiakdr+HA1Tukze6C6XbRVidYq02M=
github.com/jacobsa/oglemock v0.0.0-20150831005832-e94d794d06ff h1:2xRHTvkpJ5zJmglXLRqHiZQNjUoOkhUyhTAhEQvPAWw=
github.com/jacobsa/oglemock v0.0.0-20150831005832-e94d794d06ff/go.mod h1:gJWba/XXGl0UoOmBQKRWCJdHrr3nE0T65t6ioaj3mLI=
github.com/jacobsa/ogletest v0.0.0-20170503003838-80d50a735a11 h1:BMb8s3ENQLt5ulwVIHVDWFHp8eIXmbfSExkvdn9qMXI=
github.com/jacobsa/ogletest v0.0.0-20170503003838-80d50a735a11/go.mod h1:+DBdDyfoO2McrOyDemRBq0q9CMEByef7sYl7JH5Q3BI=
github.com/jacobsa/reqtrace v0.0.0-20150505043853-245c9e0234cb h1:uSWBjJdMf47kQlXMwWEfmc864bA1wAC+Kl3ApryuG9Y=
github.com/jacobsa/reqtrace v0.0.0-20150505043853-245c9e0234cb/go.mod h1:ivcmUvxXWjb27NsPEaiYK7AidlZXS7oQ5PowUS9z3I4=
github.com/jacobsa/syncutil v0.0.0-20180201203307-228ac8e5a6c3 h1:+gHfvQxomE6fI4zg7QYyaGDCnuw2wylD4i6yzrQvAmY=
github.com/jacobsa/syncutil v0.0.0-20180201203307-228ac8e5a6c3/go.mod h1:mPvulh9VKXvo+yOlrD4VYOOYuLdZJ36wa/5QIrtXvWs=
github.com/jacobsa/timeutil v0.0.0-20170205232429-577e5acbbcf6 h1:XKHJmHcgU9glxk3eLPiRZT5VFSHJitVTnMj/EgIoXC4=
github.com/jacobsa/timeutil v0.0.0-20170205232429-577e5acbbcf6/go.mod h1:JEWKD6V8xETMW+DEv+IQVz++f8Cn8O/X0HPeDY3qNis=
github.com/planetscale/vtprotobuf v0.6.1-0.20240319094008-0393e58bdf10 h1:GFCKgmp0tecUJ0sJuv4pzYCqS9+RGSn52M3FUwPs+uo=
github.com/planetscale/vtprotobuf v0.6.1-0.20240319094008-0393e58bdf10/go.mod h1:t/avpk3KcrXxUnYOhZhMXJlSEyie6gQbtLq5NM3loB8=
github.com/pmezard/go-difflib v1.0.1-0.20181226105442-5d4384ee4fb2 h1:Jamvg5psRIccs7FGNTlIRMkT8wgtp5eCXdBlqhYGL6U=
github.com/pmezard/go-difflib v1.0.1-0.20181226105442-5d4384ee4fb2/go.mod h1:iKH77koFhYxTK1pcRnkKkqfTogsbg7gZNVY4sRDYZ/4=
github.com/spiffe/go-spiffe/v2 v2.5.0 h1:N2I01KCUkv1FAjZXJMwh95KK1ZIQLYbPfhaxw8WS0hE=
github.com/spiffe/go-spiffe/v2 v2.5.0/go.mod h1:P+NxobPc6wXhVtINNtFjNWGBTreew1GBUCwT2wPmb7g=
github.com/stretchr/testify v1.10.0 h1:Xv5erBjTwe/5IxqUQTdXv5kgmIvbHo3QQyRwhJsOfJA=
github.com/stretchr/testify v1.10.0/go.mod h1:r2ic/lqez/lEtzL7wO/rwa5dbSLXVDPFyf8C91i36aY=
github.com/zeebo/errs v1.4.0 h1:XNdoD/RRMKP7HD0UhJnIzUy74ISdGGxURlYG8HSWSfM=
github.com/zeebo/errs v1.4.0/go.mod h1:sgbWHsvVuTPHcqJJGQ1WhI5KbWlHYz+2+2C/LSEtCw4=
go.opencensus.io v0.24.0 h1:y73uSU6J157QMP2kn2r30vwW1A2W2WFwSCGnAVxeaD0=
go.opencensus.io v0.24.0/go.mod h1:vNK8G9p7aAivkbmorf4v+7Hgx+Zs0yY+0fOtgBfjQKo=
go.opentelemetry.io/auto/sdk v1.1.0 h1:cH53jehLUN6UFLY71z+NDOiNJqDdPRaXzTel0sJySYA=
go.opentelemetry.io/auto/sdk v1.1.0/go.mod h1:3wSPjt5PWp2RhlCcmmOial7AvC4DQqZb7a7wCow3W8A=
go.opentelemetry.io/contrib/detectors/gcp v1.34.0 h1:JRxssobiPg23otYU5SbWtQC//snGVIM3Tx6QRzlQBao=
go.opentelemetry.io/contrib/detectors/gcp v1.34.0/go.mod h1:cV4BMFcscUR/ckqLkbfQmF0PRsq8w/lMGzdbCSveBHo=
go.opentelemetry.io/contrib/detectors/gcp v1.36.0 h1:F7q2tNlCaHY9nMKHR6XH9/qkp8FktLnIcy6jJNyOCQw=
go.opentelemetry.io/contrib/detectors/gcp v1.36.0/go.mod h1:IbBN8uAIIx734PTonTPxAxnjc2pQTxWNkwfstZ+6H2k=
go.opentelemetry.io/contrib/instrumentation/google.golang.org/grpc/otelgrpc v0.58.0 h1:PS8wXpbyaDJQ2VDHHncMe9Vct0Zn1fEjpsjrLxGJoSc=
go.opentelemetry.io/contrib/instrumentation/google.golang.org/grpc/otelgrpc v0.58.0/go.mod h1:HDBUsEjOuRC0EzKZ1bSaRGZWUBAzo+MhAcUUORSr4D0=
go.opentelemetry.io/contrib/instrumentation/google.golang.org/grpc/otelgrpc v0.60.0 h1:x7wzEgXfnzJcHDwStJT+mxOz4etr2EcexjqhBvmoakw=
go.opentelemetry.io/contrib/instrumentation/google.golang.org/grpc/otelgrpc v0.60.0/go.mod h1:rg+RlpR5dKwaS95IyyZqj5Wd4E13lk/msnTS0Xl9lJM=
go.opentelemetry.io/contrib/instrumentation/net/http/otelhttp v0.58.0 h1:yd02MEjBdJkG3uabWP9apV+OuWRIXGDuJEUJbOHmCFU=
go.opentelemetry.io/contrib/instrumentation/net/http/otelhttp v0.58.0/go.mod h1:umTcuxiv1n/s/S6/c2AT/g2CQ7u5C59sHDNmfSwgz7Q=
go.opentelemetry.io/contrib/instrumentation/net/http/otelhttp v0.60.0 h1:sbiXRNDSWJOTobXh5HyQKjq6wUC5tNybqjIqDpAY4CU=
go.opentelemetry.io/contrib/instrumentation/net/http/otelhttp v0.60.0/go.mod h1:69uWxva0WgAA/4bu2Yy70SLDBwZXuQ6PbBpbsa5iZrQ=
go.opentelemetry.io/otel v1.34.0 h1:zRLXxLCgL1WyKsPVrgbSdMN4c0FMkDAskSTQP+0hdUY=
go.opentelemetry.io/otel v1.34.0/go.mod h1:OWFPOQ+h4G8xpyjgqo4SxJYdDQ/qmRH+wivy7zzx9oI=
go.opentelemetry.io/otel v1.36.0 h1:UumtzIklRBY6cI/lllNZlALOF5nNIzJVb16APdvgTXg=
go.opentelemetry.io/otel v1.36.0/go.mod h1:/TcFMXYjyRNh8khOAO9ybYkqaDBb/70aVwkNML4pP8E=
go.opentelemetry.io/otel/exporters/stdout/stdoutmetric v1.29.0 h1:WDdP9acbMYjbKIyJUhTvtzj601sVJOqgWdUxSdR/Ysc=
go.opentelemetry.io/otel/exporters/stdout/stdoutmetric v1.29.0/go.mod h1:BLbf7zbNIONBLPwvFnwNHGj4zge8uTCM/UPIVW1Mq2I=
go.opentelemetry.io/otel/metric v1.34.0 h1:+eTR3U0MyfWjRDhmFMxe2SsW64QrZ84AOhvqS7Y+PoQ=
go.opentelemetry.io/otel/metric v1.34.0/go.mod h1:CEDrp0fy2D0MvkXE+dPV7cMi8tWZwX3dmaIhwPOaqHE=
go.opentelemetry.io/otel/metric v1.36.0 h1:MoWPKVhQvJ+eeXWHFBOPoBOi20jh6Iq2CcCREuTYufE=
go.opentelemetry.io/otel/metric v1.36.0/go.mod h1:zC7Ks+yeyJt4xig9DEw9kuUFe5C3zLbVjV2PzT6qzbs=
go.opentelemetry.io/otel/sdk v1.34.0 h1:95zS4k/2GOy069d321O8jWgYsW3MzVV+KuSPKp7Wr1A=
go.opentelemetry.io/otel/sdk v1.34.0/go.mod h1:0e/pNiaMAqaykJGKbi+tSjWfNNHMTxoC9qANsCzbyxU=
go.opentelemetry.io/otel/sdk v1.36.0 h1:b6SYIuLRs88ztox4EyrvRti80uXIFy+Sqzoh9kFULbs=
go.opentelemetry.io/otel/sdk v1.36.0/go.mod h1:+lC+mTgD+MUWfjJubi2vvXWcVxyr9rmlshZni72pXeY=
go.opentelemetry.io/otel/sdk/metric v1.34.0 h1:5CeK9ujjbFVL5c1PhLuStg1wxA7vQv7ce1EK0Gyvahk=
go.opentelemetry.io/otel/sdk/metric v1.34.0/go.mod h1:jQ/r8Ze28zRKoNRdkjCZxfs6YvBTG1+YIqyFVFYec5w=
go.opentelemetry.io/otel/sdk/metric v1.36.0 h1:r0ntwwGosWGaa0CrSt8cuNuTcccMXERFwHX4dThiPis=
go.opentelemetry.io/otel/sdk/metric v1.36.0/go.mod h1:qTNOhFDfKRwX0yXOqJYegL5WRaW376QbB7P4Pb0qva4=
go.opentelemetry.io/otel/trace v1.34.0 h1:+ouXS2V8Rd4hp4580a8q23bg0azF2nI8cqLYnC8mh/k=
go.opentelemetry.io/otel/trace v1.34.0/go.mod h1:Svm7lSjQD7kG7KJ/MUHPVXSDGz2OX4h0M2jHBhmSfRE=
go.opentelemetry.io/otel/trace v1.36.0 h1:ahxWNuqZjpdiFAyrIoQ4GIiAIhxAunQR6MUoKrsNd4w=
go.opentelemetry.io/otel/trace v1.36.0/go.mod h1:gQ+OnDZzrybY4k4seLzPAWNwVBBVlF2szhehOBB/tGA=
golang.org/x/crypto v0.32.0 h1:euUpcYgM8WcP71gNpTqQCn6rC2t6ULUPiOzfWaXVVfc=
golang.org/x/crypto v0.32.0/go.mod h1:ZnnJkOaASj8g0AjIduWNlq2NRxL0PlBrbKVyZ6V/Ugc=
golang.org/x/crypto v0.38.0 h1:jt+WWG8IZlBnVbomuhg2Mdq0+BBQaHbtqHEFEigjUV8=
golang.org/x/crypto v0.38.0/go.mod h1:MvrbAqul58NNYPKnOra203SB9vpuZW0e+RRZV+Ggqjw=
golang.org/x/net v0.34.0 h1:Mb7Mrk043xzHgnRM88suvJFwzVrRfHEHJEl5/71CKw0=
golang.org/x/net v0.34.0/go.mod h1:di0qlW3YNM5oh6GqDGQr92MyTozJPmybPK4Ev/Gm31k=
golang.org/x/net v0.40.0 h1:79Xs7wF06Gbdcg4kdCCIQArK11Z1hr5POQ6+fIYHNuY=
golang.org/x/net v0.40.0/go.mod h1:y0hY0exeL2Pku80/zKK7tpntoX23cqL3Oa6njdgRtds=
golang.org/x/oauth2 v0.25.0 h1:CY4y7XT9v0cRI9oupztF8AgiIu99L/ksR/Xp/6jrZ70=
golang.org/x/oauth2 v0.25.0/go.mod h1:XYTD2NtWslqkgxebSiOHnXEap4TF09sJSc7H1sXbhtI=
golang.org/x/oauth2 v0.30.0 h1:dnDm7JmhM45NNpd8FDDeLhK6FwqbOf4MLCM9zb1BOHI=
golang.org/x/oauth2 v0.30.0/go.mod h1:B++QgG3ZKulg6sRPGD/mqlHQs5rB3Ml9erfeDY7xKlU=
golang.org/x/sync v0.10.0 h1:3NQrjDixjgGwUOCaF8w2+VYHv0Ve/vGYSbdkTa98gmQ=
golang.org/x/sync v0.10.0/go.mod h1:Czt+wKu1gCyEFDUtn0jG5QVvpJ6rzVqr5aXyt9drQfk=
golang.org/x/sync v0.14.0 h1:woo0S4Yywslg6hp4eUFjTVOyKt0RookbpAHG4c1HmhQ=
golang.org/x/sync v0.14.0/go.mod h1:1dzgHSNfp02xaA81J2MS99Qcpr2w7fw1gpm99rleRqA=
golang.org/x/sys v0.29.0 h1:TPYlXGxvx1MGTn2GiZDhnjPA9wZzZeGKHHmKhHYvgaU=
golang.org/x/sys v0.29.0/go.mod h1:/VUhepiaJMQUp4+oa/7Zr1D23ma6VTLIYjOOTFZPUcA=
golang.org/x/sys v0.33.0 h1:q3i8TbbEz+JRD9ywIRlyRAQbM0qF7hu24q3teo2hbuw=
golang.org/x/sys v0.33.0/go.mod h1:BJP2sWEmIv4KK5OTEluFJCKSidICx8ciO85XgH3Ak8k=
golang.org/x/text v0.21.0 h1:zyQAAkrwaneQ066sspRyJaG9VNi/YJ1NfzcGB3hZ/qo=
golang.org/x/text v0.21.0/go.mod h1:4IBbMaMmOPCJ8SecivzSH54+73PCFmPWxNTLm+vZkEQ=
golang.org/x/text v0.25.0 h1:qVyWApTSYLk/drJRO5mDlNYskwQznZmkpV2c8q9zls4=
golang.org/x/text v0.25.0/go.mod h1:WEdwpYrmk1qmdHvhkSTNPm3app7v4rsT8F2UD6+VHIA=
golang.org/x/time v0.9.0 h1:EsRrnYcQiGH+5FfbgvV4AP7qEZstoyrHB0DzarOQ4ZY=
golang.org/x/time v0.9.0/go.mod h1:3BpzKBy/shNhVucY/MWOyx10tF3SFh9QdLuxbVysPQM=
golang.org/x/time v0.11.0 h1:/bpjEDfN9tkoN/ryeYHnv5hcMlc8ncjMcM4XBk5NWV0=
golang.org/x/time v0.11.0/go.mod h1:CDIdPxbZBQxdj6cxyCIdrNogrJKMJ7pr37NYpMcMDSg=
google.golang.org/api v0.217.0 h1:GYrUtD289o4zl1AhiTZL0jvQGa2RDLyC+kX1N/lfGOU=
google.golang.org/api v0.217.0/go.mod h1:qMc2E8cBAbQlRypBTBWHklNJlaZZJBwDv81B1Iu8oSI=
google.golang.org/api v0.235.0 h1:C3MkpQSRxS1Jy6AkzTGKKrpSCOd2WOGrezZ+icKSkKo=
google.golang.org/api v0.235.0/go.mod h1:QpeJkemzkFKe5VCE/PMv7GsUfn9ZF+u+q1Q7w6ckxTg=
google.golang.org/genproto v0.0.0-20250106144421-5f5ef82da422 h1:6GUHKGv2huWOHKmDXLMNE94q3fBDlEHI+oTRIZSebK0=
google.golang.org/genproto v0.0.0-20250106144421-5f5ef82da422/go.mod h1:1NPAxoesyw/SgLPqaUp9u1f9PWCLAk/jVmhx7gJZStg=
google.golang.org/genproto v0.0.0-20250505200425-f936aa4a68b2 h1:1tXaIXCracvtsRxSBsYDiSBN0cuJvM7QYW+MrpIRY78=
google.golang.org/genproto v0.0.0-20250505200425-f936aa4a68b2/go.mod h1:49MsLSx0oWMOZqcpB3uL8ZOkAh1+TndpJ8ONoCBWiZk=
google.golang.org/genproto/googleapis/api v0.0.0-20250106144421-5f5ef82da422 h1:GVIKPyP/kLIyVOgOnTwFOrvQaQUzOzGMCxgFUOEmm24=
google.golang.org/genproto/googleapis/api v0.0.0-20250106144421-5f5ef82da422/go.mod h1:b6h1vNKhxaSoEI+5jc3PJUCustfli/mRab7295pY7rw=
google.golang.org/genproto/googleapis/api v0.0.0-20250512202823-5a2f75b736a9 h1:WvBuA5rjZx9SNIzgcU53OohgZy6lKSus++uY4xLaWKc=
google.golang.org/genproto/googleapis/api v0.0.0-20250512202823-5a2f75b736a9/go.mod h1:W3S/3np0/dPWsWLi1h/UymYctGXaGBM2StwzD0y140U=
google.golang.org/genproto/googleapis/rpc v0.0.0-20250106144421-5f5ef82da422 h1:3UsHvIr4Wc2aW4brOaSCmcxh9ksica6fHEr8P1XhkYw=
google.golang.org/genproto/googleapis/rpc v0.0.0-20250106144421-5f5ef82da422/go.mod h1:3ENsm/5D1mzDyhpzeRi1NR784I0BcofWBoSc5QqqMK4=
google.golang.org/genproto/googleapis/rpc v0.0.0-20250512202823-5a2f75b736a9 h1:IkAfh6J/yllPtpYFU0zZN1hUPYdT0ogkBT/9hMxHjvg=
google.golang.org/genproto/googleapis/rpc v0.0.0-20250512202823-5a2f75b736a9/go.mod h1:qQ0YXyHHx3XkvlzUtpXDkS29lDSafHMZBAZDc03LQ3A=
google.golang.org/grpc v1.69.4 h1:MF5TftSMkd8GLw/m0KM6V8CMOCY6NZ1NQDPGFgbTt4A=
google.golang.org/grpc v1.69.4/go.mod h1:vyjdE6jLBI76dgpDojsFGNaHlxdjXN9ghpnd2o7JGZ4=
google.golang.org/grpc v1.72.1 h1:HR03wO6eyZ7lknl75XlxABNVLLFc2PAb6mHlYh756mA=
google.golang.org/grpc v1.72.1/go.mod h1:wH5Aktxcg25y1I3w7H69nHfXdOG3UiadoBtjh3izSDM=
google.golang.org/protobuf v1.36.3 h1:82DV7MYdb8anAVi3qge1wSnMDrnKK7ebr+I0hHRN1BU=
google.golang.org/protobuf v1.36.3/go.mod h1:9fA7Ob0pmnwhb644+1+CVWFRbNajQ6iRojtC/QF5bRE=
google.golang.org/protobuf v1.36.6 h1:z1NpPI8ku2WgiWnf+t9wTPsn6eP1L7ksHUlkfLvd9xY=
google.golang.org/protobuf v1.36.6/go.mod h1:jduwjTPXsFjZGTmRluh+L6NjiWu7pchiJ2/5YcXBHnY=
gopkg.in/yaml.v3 v3.0.1 h1:fxVm/GzAzEWqLHuvctI91KS9hhNmmWOoWu0XTYJS7CA=
gopkg.in/yaml.v3 v3.0.1/go.mod h1:K4uyk7z7BCEPqu6E+C64Yfv1cQ7kz7rIZviUmN+EgEM=
